
Microsoft Visual Studio Solution File, Format Version 12.00
# Visual Studio Version 17
VisualStudioVersion = 17.14.36518.9
MinimumVisualStudioVersion = 10.0.40219.1
Project("{FAE04EC0-301F-11D3-BF4B-00C04F79EFBC}") = "Ejercicio1", "Ejercicio1.csproj", "{5ADE2DF9-364B-47BA-9EEB-0D52CCA22C8D}"
EndProject
Project("{FAE04EC0-301F-11D3-BF4B-00C04F79EFBC}") = "Ejercicio2", "..\Ejercicio2\Ejercicio2.csproj", "{1B64C296-75A5-4B39-B18F-A343C16EBA01}"
EndProject
Project("{FAE04EC0-301F-11D3-BF4B-00C04F79EFBC}") = "ejercicio3", "..\ejercicio3\ejercicio3.csproj", "{F365D387-B097-4294-A1BD-C5B4D3E4BFF2}"
EndProject
Project("{FAE04EC0-301F-11D3-BF4B-00C04F79EFBC}") = "Ejercicio4", "..\Ejercicio4\Ejercicio4.csproj", "{3F62A537-08AB-4D9F-9F92-76AA26009374}"
EndProject
Project("{FAE04EC0-301F-11D3-BF4B-00C04F79EFBC}") = "Ejercicio5", "..\Ejercicio5\Ejercicio5.csproj", "{B174A22D-E793-43E4-8606-EA351024B3C5}"
EndProject
Project("{FAE04EC0-301F-11D3-BF4B-00C04F79EFBC}") = "Ejercicio6", "..\Ejercicio6\Ejercicio6.csproj", "{1D5CFA95-99E2-4520-BAB2-89E0505ED955}"
EndProject
Project("{FAE04EC0-301F-11D3-BF4B-00C04F79EFBC}") = "Ejercicio7", "..\Ejercicio7\Ejercicio7.csproj", "{F5FFB5AF-4071-46C0-BEDA-996A7DC823A2}"
EndProject
Project("{FAE04EC0-301F-11D3-BF4B-00C04F79EFBC}") = "Ejercicio8", "..\Ejercicio8\Ejercicio8.csproj", "{E8D69610-4E5F-4746-BCC6-684714C6C701}"
EndProject
Project("{FAE04EC0-301F-11D3-BF4B-00C04F79EFBC}") = "Ejercicio9", "..\Ejercicio9\Ejercicio9.csproj", "{42E5F4C7-A522-4FF6-B65B-BBAD165B9477}"
EndProject
Project("{FAE04EC0-301F-11D3-BF4B-00C04F79EFBC}") = "Ejercicio10", "..\Ejercicio10\Ejercicio10.csproj", "{388E4E37-8B22-4CB7-8B81-0C6D31AF1F04}"
EndProject
Project("{FAE04EC0-301F-11D3-BF4B-00C04F79EFBC}") = "Ejercicio11", "..\Ejercicio11\Ejercicio11.csproj", "{ABBC81D0-C6BF-4FF2-8FC1-A72CD225A16F}"
EndProject
Project("{FAE04EC0-301F-11D3-BF4B-00C04F79EFBC}") = "Ejercicio12", "..\Ejercicio12\Ejercicio12.csproj", "{D069F66B-545A-4878-880E-705899AEA1A8}"
EndProject
Project("{FAE04EC0-301F-11D3-BF4B-00C04F79EFBC}") = "Ejercicio17", "..\..\..\..\UFHEC - copia\Asignaturas\Lenguaje de programacion I\Unidad III - Tarea I\Unidad III - Tarea I\Ejercicio17.csproj", "{438E6961-CEEA-47FA-997D-A189C67B9554}"
EndProject
Project("{FAE04EC0-301F-11D3-BF4B-00C04F79EFBC}") = "Ejercicio16", "..\Ejercicio16\Ejercicio16.csproj", "{A7F093B3-BBF7-4300-BBB6-CF1103F02509}"
EndProject
Global
	GlobalSection(SolutionConfigurationPlatforms) = preSolution
		Debug|Any CPU = Debug|Any CPU
		Release|Any CPU = Release|Any CPU
	EndGlobalSection
	GlobalSection(ProjectConfigurationPlatforms) = postSolution
		{5ADE2DF9-364B-47BA-9EEB-0D52CCA22C8D}.Debug|Any CPU.ActiveCfg = Debug|Any CPU
		{5ADE2DF9-364B-47BA-9EEB-0D52CCA22C8D}.Debug|Any CPU.Build.0 = Debug|Any CPU
		{5ADE2DF9-364B-47BA-9EEB-0D52CCA22C8D}.Release|Any CPU.ActiveCfg = Release|Any CPU
		{5ADE2DF9-364B-47BA-9EEB-0D52CCA22C8D}.Release|Any CPU.Build.0 = Release|Any CPU
		{1B64C296-75A5-4B39-B18F-A343C16EBA01}.Debug|Any CPU.ActiveCfg = Debug|Any CPU
		{1B64C296-75A5-4B39-B18F-A343C16EBA01}.Debug|Any CPU.Build.0 = Debug|Any CPU
		{1B64C296-75A5-4B39-B18F-A343C16EBA01}.Release|Any CPU.ActiveCfg = Release|Any CPU
		{1B64C296-75A5-4B39-B18F-A343C16EBA01}.Release|Any CPU.Build.0 = Release|Any CPU
		{F365D387-B097-4294-A1BD-C5B4D3E4BFF2}.Debug|Any CPU.ActiveCfg = Debug|Any CPU
		{F365D387-B097-4294-A1BD-C5B4D3E4BFF2}.Debug|Any CPU.Build.0 = Debug|Any CPU
		{F365D387-B097-4294-A1BD-C5B4D3E4BFF2}.Release|Any CPU.ActiveCfg = Release|Any CPU
		{F365D387-B097-4294-A1BD-C5B4D3E4BFF2}.Release|Any CPU.Build.0 = Release|Any CPU
		{3F62A537-08AB-4D9F-9F92-76AA26009374}.Debug|Any CPU.ActiveCfg = Debug|Any CPU
		{3F62A537-08AB-4D9F-9F92-76AA26009374}.Debug|Any CPU.Build.0 = Debug|Any CPU
		{3F62A537-08AB-4D9F-9F92-76AA26009374}.Release|Any CPU.ActiveCfg = Release|Any CPU
		{3F62A537-08AB-4D9F-9F92-76AA26009374}.Release|Any CPU.Build.0 = Release|Any CPU
		{B174A22D-E793-43E4-8606-EA351024B3C5}.Debug|Any CPU.ActiveCfg = Debug|Any CPU
		{B174A22D-E793-43E4-8606-EA351024B3C5}.Debug|Any CPU.Build.0 = Debug|Any CPU
		{B174A22D-E793-43E4-8606-EA351024B3C5}.Release|Any CPU.ActiveCfg = Release|Any CPU
		{B174A22D-E793-43E4-8606-EA351024B3C5}.Release|Any CPU.Build.0 = Release|Any CPU
		{1D5CFA95-99E2-4520-BAB2-89E0505ED955}.Debug|Any CPU.ActiveCfg = Debug|Any CPU
		{1D5CFA95-99E2-4520-BAB2-89E0505ED955}.Debug|Any CPU.Build.0 = Debug|Any CPU
		{1D5CFA95-99E2-4520-BAB2-89E0505ED955}.Release|Any CPU.ActiveCfg = Release|Any CPU
		{1D5CFA95-99E2-4520-BAB2-89E0505ED955}.Release|Any CPU.Build.0 = Release|Any CPU
		{F5FFB5AF-4071-46C0-BEDA-996A7DC823A2}.Debug|Any CPU.ActiveCfg = Debug|Any CPU
		{F5FFB5AF-4071-46C0-BEDA-996A7DC823A2}.Debug|Any CPU.Build.0 = Debug|Any CPU
		{F5FFB5AF-4071-46C0-BEDA-996A7DC823A2}.Release|Any CPU.ActiveCfg = Release|Any CPU
		{F5FFB5AF-4071-46C0-BEDA-996A7DC823A2}.Release|Any CPU.Build.0 = Release|Any CPU
		{E8D69610-4E5F-4746-BCC6-684714C6C701}.Debug|Any CPU.ActiveCfg = Debug|Any CPU
		{E8D69610-4E5F-4746-BCC6-684714C6C701}.Debug|Any CPU.Build.0 = Debug|Any CPU
		{E8D69610-4E5F-4746-BCC6-684714C6C701}.Release|Any CPU.ActiveCfg = Release|Any CPU
		{E8D69610-4E5F-4746-BCC6-684714C6C701}.Release|Any CPU.Build.0 = Release|Any CPU
		{42E5F4C7-A522-4FF6-B65B-BBAD165B9477}.Debug|Any CPU.ActiveCfg = Debug|Any CPU
		{42E5F4C7-A522-4FF6-B65B-BBAD165B9477}.Debug|Any CPU.Build.0 = Debug|Any CPU
		{42E5F4C7-A522-4FF6-B65B-BBAD165B9477}.Release|Any CPU.ActiveCfg = Release|Any CPU
		{42E5F4C7-A522-4FF6-B65B-BBAD165B9477}.Release|Any CPU.Build.0 = Release|Any CPU
		{388E4E37-8B22-4CB7-8B81-0C6D31AF1F04}.Debug|Any CPU.ActiveCfg = Debug|Any CPU
		{388E4E37-8B22-4CB7-8B81-0C6D31AF1F04}.Debug|Any CPU.Build.0 = Debug|Any CPU
		{388E4E37-8B22-4CB7-8B81-0C6D31AF1F04}.Release|Any CPU.ActiveCfg = Release|Any CPU
		{388E4E37-8B22-4CB7-8B81-0C6D31AF1F04}.Release|Any CPU.Build.0 = Release|Any CPU
		{ABBC81D0-C6BF-4FF2-8FC1-A72CD225A16F}.Debug|Any CPU.ActiveCfg = Debug|Any CPU
		{ABBC81D0-C6BF-4FF2-8FC1-A72CD225A16F}.Debug|Any CPU.Build.0 = Debug|Any CPU
		{ABBC81D0-C6BF-4FF2-8FC1-A72CD225A16F}.Release|Any CPU.ActiveCfg = Release|Any CPU
		{ABBC81D0-C6BF-4FF2-8FC1-A72CD225A16F}.Release|Any CPU.Build.0 = Release|Any CPU
		{D069F66B-545A-4878-880E-705899AEA1A8}.Debug|Any CPU.ActiveCfg = Debug|Any CPU
		{D069F66B-545A-4878-880E-705899AEA1A8}.Debug|Any CPU.Build.0 = Debug|Any CPU
		{D069F66B-545A-4878-880E-705899AEA1A8}.Release|Any CPU.ActiveCfg = Release|Any CPU
		{D069F66B-545A-4878-880E-705899AEA1A8}.Release|Any CPU.Build.0 = Release|Any CPU
		{438E6961-CEEA-47FA-997D-A189C67B9554}.Debug|Any CPU.ActiveCfg = Debug|Any CPU
		{438E6961-CEEA-47FA-997D-A189C67B9554}.Debug|Any CPU.Build.0 = Debug|Any CPU
		{438E6961-CEEA-47FA-997D-A189C67B9554}.Release|Any CPU.ActiveCfg = Release|Any CPU
		{438E6961-CEEA-47FA-997D-A189C67B9554}.Release|Any CPU.Build.0 = Release|Any CPU
		{A7F093B3-BBF7-4300-BBB6-CF1103F02509}.Debug|Any CPU.ActiveCfg = Debug|Any CPU
		{A7F093B3-BBF7-4300-BBB6-CF1103F02509}.Debug|Any CPU.Build.0 = Debug|Any CPU
		{A7F093B3-BBF7-4300-BBB6-CF1103F02509}.Release|Any CPU.ActiveCfg = Release|Any CPU
		{A7F093B3-BBF7-4300-BBB6-CF1103F02509}.Release|Any CPU.Build.0 = Release|Any CPU
	EndGlobalSection
	GlobalSection(SolutionProperties) = preSolution
		HideSolutionNode = FALSE
	EndGlobalSection
	GlobalSection(ExtensibilityGlobals) = postSolution
		SolutionGuid = {38A0984C-4E49-4CC3-A3D2-4DA5C2DB5D00}
	EndGlobalSection
EndGlobal
