
Microsoft Visual Studio Solution File, Format Version 12.00
# Visual Studio Version 17
VisualStudioVersion = 17.14.36518.9
MinimumVisualStudioVersion = 10.0.40219.1
Project("{FAE04EC0-301F-11D3-BF4B-00C04F79EFBC}") = "Actividad practica II", "Actividad practica II.csproj", "{5ADE2DF9-364B-47BA-9EEB-0D52CCA22C8D}"
EndProject
Project("{FAE04EC0-301F-11D3-BF4B-00C04F79EFBC}") = "Ejercicio2", "..\Ejercicio2\Ejercicio2.csproj", "{1B64C296-75A5-4B39-B18F-A343C16EBA01}"
EndProject
Project("{FAE04EC0-301F-11D3-BF4B-00C04F79EFBC}") = "ejercicio3", "..\ejercicio3\ejercicio3.csproj", "{F365D387-B097-4294-A1BD-C5B4D3E4BFF2}"
EndProject
Project("{FAE04EC0-301F-11D3-BF4B-00C04F79EFBC}") = "Ejercicio4", "..\Ejercicio4\Ejercicio4.csproj", "{3F62A537-08AB-4D9F-9F92-76AA26009374}"
EndProject
Global
	GlobalSection(SolutionConfigurationPlatforms) = preSolution
		Debug|Any CPU = Debug|Any CPU
		Release|Any CPU = Release|Any CPU
	EndGlobalSection
	GlobalSection(ProjectConfigurationPlatforms) = postSolution
		{5ADE2DF9-364B-47BA-9EEB-0D52CCA22C8D}.Debug|Any CPU.ActiveCfg = Debug|Any CPU
		{5ADE2DF9-364B-47BA-9EEB-0D52CCA22C8D}.Debug|Any CPU.Build.0 = Debug|Any CPU
		{5ADE2DF9-364B-47BA-9EEB-0D52CCA22C8D}.Release|Any CPU.ActiveCfg = Release|Any CPU
		{5ADE2DF9-364B-47BA-9EEB-0D52CCA22C8D}.Release|Any CPU.Build.0 = Release|Any CPU
		{1B64C296-75A5-4B39-B18F-A343C16EBA01}.Debug|Any CPU.ActiveCfg = Debug|Any CPU
		{1B64C296-75A5-4B39-B18F-A343C16EBA01}.Debug|Any CPU.Build.0 = Debug|Any CPU
		{1B64C296-75A5-4B39-B18F-A343C16EBA01}.Release|Any CPU.ActiveCfg = Release|Any CPU
		{1B64C296-75A5-4B39-B18F-A343C16EBA01}.Release|Any CPU.Build.0 = Release|Any CPU
		{F365D387-B097-4294-A1BD-C5B4D3E4BFF2}.Debug|Any CPU.ActiveCfg = Debug|Any CPU
		{F365D387-B097-4294-A1BD-C5B4D3E4BFF2}.Debug|Any CPU.Build.0 = Debug|Any CPU
		{F365D387-B097-4294-A1BD-C5B4D3E4BFF2}.Release|Any CPU.ActiveCfg = Release|Any CPU
		{F365D387-B097-4294-A1BD-C5B4D3E4BFF2}.Release|Any CPU.Build.0 = Release|Any CPU
		{3F62A537-08AB-4D9F-9F92-76AA26009374}.Debug|Any CPU.ActiveCfg = Debug|Any CPU
		{3F62A537-08AB-4D9F-9F92-76AA26009374}.Debug|Any CPU.Build.0 = Debug|Any CPU
		{3F62A537-08AB-4D9F-9F92-76AA26009374}.Release|Any CPU.ActiveCfg = Release|Any CPU
		{3F62A537-08AB-4D9F-9F92-76AA26009374}.Release|Any CPU.Build.0 = Release|Any CPU
	EndGlobalSection
	GlobalSection(SolutionProperties) = preSolution
		HideSolutionNode = FALSE
	EndGlobalSection
	GlobalSection(ExtensibilityGlobals) = postSolution
		SolutionGuid = {38A0984C-4E49-4CC3-A3D2-4DA5C2DB5D00}
	EndGlobalSection
EndGlobal
